// !$*UTF8*$!
{
	archiveVersion = 1;
	classes = {
	};
	objectVersion = 50;
	objects = {

/* Begin PBXBuildFile section */
		05350B55231F026F0094EB97 /* AppDelegate.swift in Sources */ = {isa = PBXBuildFile; fileRef = 05350B54231F026F0094EB97 /* AppDelegate.swift */; };
		05350B57231F026F0094EB97 /* ViewController.swift in Sources */ = {isa = PBXBuildFile; fileRef = 05350B56231F026F0094EB97 /* ViewController.swift */; };
		05350B5A231F026F0094EB97 /* Main.storyboard in Resources */ = {isa = PBXBuildFile; fileRef = 05350B58231F026F0094EB97 /* Main.storyboard */; };
		05350B5C231F02710094EB97 /* Assets.xcassets in Resources */ = {isa = PBXBuildFile; fileRef = 05350B5B231F02710094EB97 /* Assets.xcassets */; };
		05350B5F231F02710094EB97 /* LaunchScreen.storyboard in Resources */ = {isa = PBXBuildFile; fileRef = 05350B5D231F02710094EB97 /* LaunchScreen.storyboard */; };
		05350B67231F076A0094EB97 /* SearchResultsTableViewController.swift in Sources */ = {isa = PBXBuildFile; fileRef = 05350B66231F076A0094EB97 /* SearchResultsTableViewController.swift */; };
		05350B6C231F0BEA0094EB97 /* SearchResults.swift in Sources */ = {isa = PBXBuildFile; fileRef = 05350B6B231F0BEA0094EB97 /* SearchResults.swift */; };
		05350B6E231F0C0A0094EB97 /* ResultType.swift in Sources */ = {isa = PBXBuildFile; fileRef = 05350B6D231F0C0A0094EB97 /* ResultType.swift */; };
		05350B70231F1FA30094EB97 /* SearchResultController.swift in Sources */ = {isa = PBXBuildFile; fileRef = 05350B6F231F1FA30094EB97 /* SearchResultController.swift */; };
/* End PBXBuildFile section */

/* Begin PBXFileReference section */
		05350B51231F026F0094EB97 /* iTunesSearch.app */ = {isa = PBXFileReference; explicitFileType = wrapper.application; includeInIndex = 0; path = iTunesSearch.app; sourceTree = BUILT_PRODUCTS_DIR; };
		05350B54231F026F0094EB97 /* AppDelegate.swift */ = {isa = PBXFileReference; lastKnownFileType = sourcecode.swift; path = AppDelegate.swift; sourceTree = "<group>"; };
		05350B56231F026F0094EB97 /* ViewController.swift */ = {isa = PBXFileReference; lastKnownFileType = sourcecode.swift; path = ViewController.swift; sourceTree = "<group>"; };
		05350B59231F026F0094EB97 /* Base */ = {isa = PBXFileReference; lastKnownFileType = file.storyboard; name = Base; path = Base.lproj/Main.storyboard; sourceTree = "<group>"; };
		05350B5B231F02710094EB97 /* Assets.xcassets */ = {isa = PBXFileReference; lastKnownFileType = folder.assetcatalog; path = Assets.xcassets; sourceTree = "<group>"; };
		05350B5E231F02710094EB97 /* Base */ = {isa = PBXFileReference; lastKnownFileType = file.storyboard; name = Base; path = Base.lproj/LaunchScreen.storyboard; sourceTree = "<group>"; };
		05350B60231F02710094EB97 /* Info.plist */ = {isa = PBXFileReference; lastKnownFileType = text.plist.xml; path = Info.plist; sourceTree = "<group>"; };
		05350B66231F076A0094EB97 /* SearchResultsTableViewController.swift */ = {isa = PBXFileReference; lastKnownFileType = sourcecode.swift; path = SearchResultsTableViewController.swift; sourceTree = "<group>"; };
		05350B6B231F0BEA0094EB97 /* SearchResults.swift */ = {isa = PBXFileReference; lastKnownFileType = sourcecode.swift; path = SearchResults.swift; sourceTree = "<group>"; };
		05350B6D231F0C0A0094EB97 /* ResultType.swift */ = {isa = PBXFileReference; lastKnownFileType = sourcecode.swift; path = ResultType.swift; sourceTree = "<group>"; };
		05350B6F231F1FA30094EB97 /* SearchResultController.swift */ = {isa = PBXFileReference; lastKnownFileType = sourcecode.swift; path = SearchResultController.swift; sourceTree = "<group>"; };
/* End PBXFileReference section */

/* Begin PBXFrameworksBuildPhase section */
		05350B4E231F026F0094EB97 /* Frameworks */ = {
			isa = PBXFrameworksBuildPhase;
			buildActionMask = 2147483647;
			files = (
			);
			runOnlyForDeploymentPostprocessing = 0;
		};
/* End PBXFrameworksBuildPhase section */

/* Begin PBXGroup section */
		05350B48231F026F0094EB97 = {
			isa = PBXGroup;
			children = (
				05350B53231F026F0094EB97 /* iTunesSearch */,
			);
			sourceTree = "<group>";
		};
		05350B52231F026F0094EB97 /* Products */ = {
			isa = PBXGroup;
			children = (
				05350B51231F026F0094EB97 /* iTunesSearch.app */,
			);
			name = Products;
			path = ../..;
			sourceTree = "<group>";
		};
		05350B53231F026F0094EB97 /* iTunesSearch */ = {
			isa = PBXGroup;
			children = (
				05350B68231F0AAD0094EB97 /* Model */,
				05350B69231F0AC40094EB97 /* View Controllers */,
				05350B6A231F0AE30094EB97 /* Resources */,
			);
			path = iTunesSearch;
			sourceTree = "<group>";
		};
		05350B68231F0AAD0094EB97 /* Model */ = {
			isa = PBXGroup;
			children = (
				05350B6B231F0BEA0094EB97 /* SearchResults.swift */,
				05350B6D231F0C0A0094EB97 /* ResultType.swift */,
				05350B6F231F1FA30094EB97 /* SearchResultController.swift */,
			);
			path = Model;
			sourceTree = "<group>";
		};
		05350B69231F0AC40094EB97 /* View Controllers */ = {
			isa = PBXGroup;
			children = (
				05350B56231F026F0094EB97 /* ViewController.swift */,
				05350B66231F076A0094EB97 /* SearchResultsTableViewController.swift */,
			);
			path = "View Controllers";
			sourceTree = "<group>";
		};
		05350B6A231F0AE30094EB97 /* Resources */ = {
			isa = PBXGroup;
			children = (
				05350B52231F026F0094EB97 /* Products */,
				05350B54231F026F0094EB97 /* AppDelegate.swift */,
				05350B58231F026F0094EB97 /* Main.storyboard */,
				05350B5B231F02710094EB97 /* Assets.xcassets */,
				05350B60231F02710094EB97 /* Info.plist */,
				05350B5D231F02710094EB97 /* LaunchScreen.storyboard */,
			);
			path = Resources;
			sourceTree = "<group>";
		};
/* End PBXGroup section */

/* Begin PBXNativeTarget section */
		05350B50231F026F0094EB97 /* iTunesSearch */ = {
			isa = PBXNativeTarget;
			buildConfigurationList = 05350B63231F02710094EB97 /* Build configuration list for PBXNativeTarget "iTunesSearch" */;
			buildPhases = (
				05350B4D231F026F0094EB97 /* Sources */,
				05350B4E231F026F0094EB97 /* Frameworks */,
				05350B4F231F026F0094EB97 /* Resources */,
			);
			buildRules = (
			);
			dependencies = (
			);
			name = iTunesSearch;
			productName = iTunesSearch;
			productReference = 05350B51231F026F0094EB97 /* iTunesSearch.app */;
			productType = "com.apple.product-type.application";
		};
/* End PBXNativeTarget section */

/* Begin PBXProject section */
		05350B49231F026F0094EB97 /* Project object */ = {
			isa = PBXProject;
			attributes = {
				LastSwiftUpdateCheck = 1030;
				LastUpgradeCheck = 1030;
				ORGANIZATIONNAME = "Marc Jacques";
				TargetAttributes = {
					05350B50231F026F0094EB97 = {
						CreatedOnToolsVersion = 10.3;
					};
				};
			};
			buildConfigurationList = 05350B4C231F026F0094EB97 /* Build configuration list for PBXProject "iTunesSearch" */;
			compatibilityVersion = "Xcode 9.3";
			developmentRegion = en;
			hasScannedForEncodings = 0;
			knownRegions = (
				en,
				Base,
			);
			mainGroup = 05350B48231F026F0094EB97;
			productRefGroup = 05350B52231F026F0094EB97 /* Products */;
			projectDirPath = "";
			projectRoot = "";
			targets = (
				05350B50231F026F0094EB97 /* iTunesSearch */,
			);
		};
/* End PBXProject section */

/* Begin PBXResourcesBuildPhase section */
		05350B4F231F026F0094EB97 /* Resources */ = {
			isa = PBXResourcesBuildPhase;
			buildActionMask = 2147483647;
			files = (
				05350B5F231F02710094EB97 /* LaunchScreen.storyboard in Resources */,
				05350B5C231F02710094EB97 /* Assets.xcassets in Resources */,
				05350B5A231F026F0094EB97 /* Main.storyboard in Resources */,
			);
			runOnlyForDeploymentPostprocessing = 0;
		};
/* End PBXResourcesBuildPhase section */

/* Begin PBXSourcesBuildPhase section */
		05350B4D231F026F0094EB97 /* Sources */ = {
			isa = PBXSourcesBuildPhase;
			buildActionMask = 2147483647;
			files = (
				05350B70231F1FA30094EB97 /* SearchResultController.swift in Sources */,
				05350B57231F026F0094EB97 /* ViewController.swift in Sources */,
				05350B55231F026F0094EB97 /* AppDelegate.swift in Sources */,
				05350B67231F076A0094EB97 /* SearchResultsTableViewController.swift in Sources */,
				05350B6E231F0C0A0094EB97 /* ResultType.swift in Sources */,
				05350B6C231F0BEA0094EB97 /* SearchResults.swift in Sources */,
			);
			runOnlyForDeploymentPostprocessing = 0;
		};
/* End PBXSourcesBuildPhase section */

/* Begin PBXVariantGroup section */
		05350B58231F026F0094EB97 /* Main.storyboard */ = {
			isa = PBXVariantGroup;
			children = (
				05350B59231F026F0094EB97 /* Base */,
			);
			name = Main.storyboard;
			sourceTree = "<group>";
		};
		05350B5D231F02710094EB97 /* LaunchScreen.storyboard */ = {
			isa = PBXVariantGroup;
			children = (
				05350B5E231F02710094EB97 /* Base */,
			);
			name = LaunchScreen.storyboard;
			sourceTree = "<group>";
		};
/* End PBXVariantGroup section */

/* Begin XCBuildConfiguration section */
		05350B61231F02710094EB97 /* Debug */ = {
			isa = XCBuildConfiguration;
			buildSettings = {
				ALWAYS_SEARCH_USER_PATHS = NO;
				CLANG_ANALYZER_NONNULL = YES;
				CLANG_ANALYZER_NUMBER_OBJECT_CONVERSION = YES_AGGRESSIVE;
				CLANG_CXX_LANGUAGE_STANDARD = "gnu++14";
				CLANG_CXX_LIBRARY = "libc++";
				CLANG_ENABLE_MODULES = YES;
				CLANG_ENABLE_OBJC_ARC = YES;
				CLANG_ENABLE_OBJC_WEAK = YES;
				CLANG_WARN_BLOCK_CAPTURE_AUTORELEASING = YES;
				CLANG_WARN_BOOL_CONVERSION = YES;
				CLANG_WARN_COMMA = YES;
				CLANG_WARN_CONSTANT_CONVERSION = YES;
				CLANG_WARN_DEPRECATED_OBJC_IMPLEMENTATIONS = YES;
				CLANG_WARN_DIRECT_OBJC_ISA_USAGE = YES_ERROR;
				CLANG_WARN_DOCUMENTATION_COMMENTS = YES;
				CLANG_WARN_EMPTY_BODY = YES;
				CLANG_WARN_ENUM_CONVERSION = YES;
				CLANG_WARN_INFINITE_RECURSION = YES;
				CLANG_WARN_INT_CONVERSION = YES;
				CLANG_WARN_NON_LITERAL_NULL_CONVERSION = YES;
				CLANG_WARN_OBJC_IMPLICIT_RETAIN_SELF = YES;
				CLANG_WARN_OBJC_LITERAL_CONVERSION = YES;
				CLANG_WARN_OBJC_ROOT_CLASS = YES_ERROR;
				CLANG_WARN_RANGE_LOOP_ANALYSIS = YES;
				CLANG_WARN_STRICT_PROTOTYPES = YES;
				CLANG_WARN_SUSPICIOUS_MOVE = YES;
				CLANG_WARN_UNGUARDED_AVAILABILITY = YES_AGGRESSIVE;
				CLANG_WARN_UNREACHABLE_CODE = YES;
				CLANG_WARN__DUPLICATE_METHOD_MATCH = YES;
				CODE_SIGN_IDENTITY = "iPhone Developer";
				COPY_PHASE_STRIP = NO;
				DEBUG_INFORMATION_FORMAT = dwarf;
				ENABLE_STRICT_OBJC_MSGSEND = YES;
				ENABLE_TESTABILITY = YES;
				GCC_C_LANGUAGE_STANDARD = gnu11;
				GCC_DYNAMIC_NO_PIC = NO;
				GCC_NO_COMMON_BLOCKS = YES;
				GCC_OPTIMIZATION_LEVEL = 0;
				GCC_PREPROCESSOR_DEFINITIONS = (
					"DEBUG=1",
					"$(inherited)",
				);
				GCC_WARN_64_TO_32_BIT_CONVERSION = YES;
				GCC_WARN_ABOUT_RETURN_TYPE = YES_ERROR;
				GCC_WARN_UNDECLARED_SELECTOR = YES;
				GCC_WARN_UNINITIALIZED_AUTOS = YES_AGGRESSIVE;
				GCC_WARN_UNUSED_FUNCTION = YES;
				GCC_WARN_UNUSED_VARIABLE = YES;
				IPHONEOS_DEPLOYMENT_TARGET = 12.4;
				MTL_ENABLE_DEBUG_INFO = INCLUDE_SOURCE;
				MTL_FAST_MATH = YES;
				ONLY_ACTIVE_ARCH = YES;
				SDKROOT = iphoneos;
				SWIFT_ACTIVE_COMPILATION_CONDITIONS = DEBUG;
				SWIFT_OPTIMIZATION_LEVEL = "-Onone";
			};
			name = Debug;
		};
		05350B62231F02710094EB97 /* Release */ = {
			isa = XCBuildConfiguration;
			buildSettings = {
				ALWAYS_SEARCH_USER_PATHS = NO;
				CLANG_ANALYZER_NONNULL = YES;
				CLANG_ANALYZER_NUMBER_OBJECT_CONVERSION = YES_AGGRESSIVE;
				CLANG_CXX_LANGUAGE_STANDARD = "gnu++14";
				CLANG_CXX_LIBRARY = "libc++";
				CLANG_ENABLE_MODULES = YES;
				CLANG_ENABLE_OBJC_ARC = YES;
				CLANG_ENABLE_OBJC_WEAK = YES;
				CLANG_WARN_BLOCK_CAPTURE_AUTORELEASING = YES;
				CLANG_WARN_BOOL_CONVERSION = YES;
				CLANG_WARN_COMMA = YES;
				CLANG_WARN_CONSTANT_CONVERSION = YES;
				CLANG_WARN_DEPRECATED_OBJC_IMPLEMENTATIONS = YES;
				CLANG_WARN_DIRECT_OBJC_ISA_USAGE = YES_ERROR;
				CLANG_WARN_DOCUMENTATION_COMMENTS = YES;
				CLANG_WARN_EMPTY_BODY = YES;
				CLANG_WARN_ENUM_CONVERSION = YES;
				CLANG_WARN_INFINITE_RECURSION = YES;
				CLANG_WARN_INT_CONVERSION = YES;
				CLANG_WARN_NON_LITERAL_NULL_CONVERSION = YES;
				CLANG_WARN_OBJC_IMPLICIT_RETAIN_SELF = YES;
				CLANG_WARN_OBJC_LITERAL_CONVERSION = YES;
				CLANG_WARN_OBJC_ROOT_CLASS = YES_ERROR;
				CLANG_WARN_RANGE_LOOP_ANALYSIS = YES;
				CLANG_WARN_STRICT_PROTOTYPES = YES;
				CLANG_WARN_SUSPICIOUS_MOVE = YES;
				CLANG_WARN_UNGUARDED_AVAILABILITY = YES_AGGRESSIVE;
				CLANG_WARN_UNREACHABLE_CODE = YES;
				CLANG_WARN__DUPLICATE_METHOD_MATCH = YES;
				CODE_SIGN_IDENTITY = "iPhone Developer";
				COPY_PHASE_STRIP = NO;
				DEBUG_INFORMATION_FORMAT = "dwarf-with-dsym";
				ENABLE_NS_ASSERTIONS = NO;
				ENABLE_STRICT_OBJC_MSGSEND = YES;
				GCC_C_LANGUAGE_STANDARD = gnu11;
				GCC_NO_COMMON_BLOCKS = YES;
				GCC_WARN_64_TO_32_BIT_CONVERSION = YES;
				GCC_WARN_ABOUT_RETURN_TYPE = YES_ERROR;
				GCC_WARN_UNDECLARED_SELECTOR = YES;
				GCC_WARN_UNINITIALIZED_AUTOS = YES_AGGRESSIVE;
				GCC_WARN_UNUSED_FUNCTION = YES;
				GCC_WARN_UNUSED_VARIABLE = YES;
				IPHONEOS_DEPLOYMENT_TARGET = 12.4;
				MTL_ENABLE_DEBUG_INFO = NO;
				MTL_FAST_MATH = YES;
				SDKROOT = iphoneos;
				SWIFT_COMPILATION_MODE = wholemodule;
				SWIFT_OPTIMIZATION_LEVEL = "-O";
				VALIDATE_PRODUCT = YES;
			};
			name = Release;
		};
		05350B64231F02710094EB97 /* Debug */ = {
			isa = XCBuildConfiguration;
			buildSettings = {
				ASSETCATALOG_COMPILER_APPICON_NAME = AppIcon;
				CODE_SIGN_STYLE = Automatic;
				INFOPLIST_FILE = "$(SRCROOT)/iTunesSearch/Resources/Info.plist";
				LD_RUNPATH_SEARCH_PATHS = (
					"$(inherited)",
					"@executable_path/Frameworks",
				);
				PRODUCT_BUNDLE_IDENTIFIER = com.MarcJacques.iTunesSearch;
				PRODUCT_NAME = "$(TARGET_NAME)";
				SWIFT_VERSION = 5.0;
				TARGETED_DEVICE_FAMILY = "1,2";
			};
			name = Debug;
		};
		05350B65231F02710094EB97 /* Release */ = {
			isa = XCBuildConfiguration;
			buildSettings = {
				ASSETCATALOG_COMPILER_APPICON_NAME = AppIcon;
				CODE_SIGN_STYLE = Automatic;
				INFOPLIST_FILE = "$(SRCROOT)/iTunesSearch/Resources/Info.plist";
				LD_RUNPATH_SEARCH_PATHS = (
					"$(inherited)",
					"@executable_path/Frameworks",
				);
				PRODUCT_BUNDLE_IDENTIFIER = com.MarcJacques.iTunesSearch;
				PRODUCT_NAME = "$(TARGET_NAME)";
				SWIFT_VERSION = 5.0;
				TARGETED_DEVICE_FAMILY = "1,2";
			};
			name = Release;
		};
/* End XCBuildConfiguration section */

/* Begin XCConfigurationList section */
		05350B4C231F026F0094EB97 /* Build configuration list for PBXProject "iTunesSearch" */ = {
			isa = XCConfigurationList;
			buildConfigurations = (
				05350B61231F02710094EB97 /* Debug */,
				05350B62231F02710094EB97 /* Release */,
			);
			defaultConfigurationIsVisible = 0;
			defaultConfigurationName = Release;
		};
		05350B63231F02710094EB97 /* Build configuration list for PBXNativeTarget "iTunesSearch" */ = {
			isa = XCConfigurationList;
			buildConfigurations = (
				05350B64231F02710094EB97 /* Debug */,
				05350B65231F02710094EB97 /* Release */,
			);
			defaultConfigurationIsVisible = 0;
			defaultConfigurationName = Release;
		};
/* End XCConfigurationList section */
	};
	rootObject = 05350B49231F026F0094EB97 /* Project object */;
}
